
Microsoft Visual Studio Solution File, Format Version 12.00
# Visual Studio 14
VisualStudioVersion = 14.0.23107.0
MinimumVisualStudioVersion = 10.0.40219.1
Project("{FAE04EC0-301F-11D3-BF4B-00C04F79EFBC}") = "DateTimeDemo", "DateTimeDemo\DateTimeDemo.csproj", "{BB0E0A59-3B23-4865-8318-3FD0B8F1EA9F}"
EndProject
Global
	GlobalSection(SolutionConfigurationPlatforms) = preSolution
		Debug|ARM = Debug|ARM
		Debug|x64 = Debug|x64
		Debug|x86 = Debug|x86
		Release|ARM = Release|ARM
		Release|x64 = Release|x64
		Release|x86 = Release|x86
	EndGlobalSection
	GlobalSection(ProjectConfigurationPlatforms) = postSolution
		{BB0E0A59-3B23-4865-8318-3FD0B8F1EA9F}.Debug|ARM.ActiveCfg = Debug|ARM
		{BB0E0A59-3B23-4865-8318-3FD0B8F1EA9F}.Debug|ARM.Build.0 = Debug|ARM
		{BB0E0A59-3B23-4865-8318-3FD0B8F1EA9F}.Debug|ARM.Deploy.0 = Debug|ARM
		{BB0E0A59-3B23-4865-8318-3FD0B8F1EA9F}.Debug|x64.ActiveCfg = Debug|x64
		{BB0E0A59-3B23-4865-8318-3FD0B8F1EA9F}.Debug|x64.Build.0 = Debug|x64
		{BB0E0A59-3B23-4865-8318-3FD0B8F1EA9F}.Debug|x64.Deploy.0 = Debug|x64
		{BB0E0A59-3B23-4865-8318-3FD0B8F1EA9F}.Debug|x86.ActiveCfg = Debug|x86
		{BB0E0A59-3B23-4865-8318-3FD0B8F1EA9F}.Debug|x86.Build.0 = Debug|x86
		{BB0E0A59-3B23-4865-8318-3FD0B8F1EA9F}.Debug|x86.Deploy.0 = Debug|x86
		{BB0E0A59-3B23-4865-8318-3FD0B8F1EA9F}.Release|ARM.ActiveCfg = Release|ARM
		{BB0E0A59-3B23-4865-8318-3FD0B8F1EA9F}.Release|ARM.Build.0 = Release|ARM
		{BB0E0A59-3B23-4865-8318-3FD0B8F1EA9F}.Release|ARM.Deploy.0 = Release|ARM
		{BB0E0A59-3B23-4865-8318-3FD0B8F1EA9F}.Release|x64.ActiveCfg = Release|x64
		{BB0E0A59-3B23-4865-8318-3FD0B8F1EA9F}.Release|x64.Build.0 = Release|x64
		{BB0E0A59-3B23-4865-8318-3FD0B8F1EA9F}.Release|x64.Deploy.0 = Release|x64
		{BB0E0A59-3B23-4865-8318-3FD0B8F1EA9F}.Release|x86.ActiveCfg = Release|x86
		{BB0E0A59-3B23-4865-8318-3FD0B8F1EA9F}.Release|x86.Build.0 = Release|x86
		{BB0E0A59-3B23-4865-8318-3FD0B8F1EA9F}.Release|x86.Deploy.0 = Release|x86
	EndGlobalSection
	GlobalSection(SolutionProperties) = preSolution
		HideSolutionNode = FALSE
	EndGlobalSection
EndGlobal
